{
  "name": "pmtiles",
  "lockfileVersion": 3,
  "requires": true,
  "packages": {
    "": {
      "dependencies": {
        "pmtiles": "^3.0.5"
      }
    },
    "node_modules/@types/geojson": {
      "version": "7946.0.14",
      "resolved": "https://registry.npmjs.org/@types/geojson/-/geojson-7946.0.14.tgz",
      "integrity": "sha512-WCfD5Ht3ZesJUsONdhvm84dmzWOiOzOAqOncN0++w0lBw1o8OuDNJF2McvvCef/yBqb/HYRahp1BYtODFQ8bRg=="
    },
    "node_modules/@types/leaflet": {
      "version": "1.9.8",
      "resolved": "https://registry.npmjs.org/@types/leaflet/-/leaflet-1.9.8.tgz",
      "integrity": "sha512-EXdsL4EhoUtGm2GC2ZYtXn+Fzc6pluVgagvo2VC1RHWToLGlTRwVYoDpqS/7QXa01rmDyBjJk3Catpf60VMkwg==",
      "dependencies": {
        "@types/geojson": "*"
      }
    },
    "node_modules/fflate": {
      "version": "0.8.2",
      "resolved": "https://registry.npmjs.org/fflate/-/fflate-0.8.2.tgz",
      "integrity": "sha512-cPJU47OaAoCbg0pBvzsgpTPhmhqI5eJjh/JIu8tPj5q+T7iLvW/JAYUqmE7KOB4R1ZyEhzBaIQpQpardBF5z8A=="
    },
    "node_modules/pmtiles": {
      "version": "3.0.5",
      "resolved": "https://registry.npmjs.org/pmtiles/-/pmtiles-3.0.5.tgz",
      "integrity": "sha512-K6NxVvW/vXE3052VZKF2ppyjdyhLx41FidR5yV8L/+El+lcMJpXS0vHBSPFmjdag5zkYv2XGDdq+3VjB2K7l6w==",
      "dependencies": {
        "@types/leaflet": "^1.9.8",
        "fflate": "^0.8.0"
      }
    }
  }
}
